// !$*UTF8*$!
{
	archiveVersion = 1;
	classes = {
	};
	objectVersion = 55;
	objects = {

/* Begin PBXBuildFile section */
		340E62852891340800107AC1 /* AppDelegate.swift in Sources */ = {isa = PBXBuildFile; fileRef = 340E62842891340800107AC1 /* AppDelegate.swift */; };
		340E62872891340800107AC1 /* SceneDelegate.swift in Sources */ = {isa = PBXBuildFile; fileRef = 340E62862891340800107AC1 /* SceneDelegate.swift */; };
		340E62892891340800107AC1 /* ViewController.swift in Sources */ = {isa = PBXBuildFile; fileRef = 340E62882891340800107AC1 /* ViewController.swift */; };
		340E628C2891340800107AC1 /* Main.storyboard in Resources */ = {isa = PBXBuildFile; fileRef = 340E628A2891340800107AC1 /* Main.storyboard */; };
		340E628F2891340800107AC1 /* MARVELAPP.xcdatamodeld in Sources */ = {isa = PBXBuildFile; fileRef = 340E628D2891340800107AC1 /* MARVELAPP.xcdatamodeld */; };
		340E62912891340900107AC1 /* Assets.xcassets in Resources */ = {isa = PBXBuildFile; fileRef = 340E62902891340900107AC1 /* Assets.xcassets */; };
		340E62942891340900107AC1 /* LaunchScreen.storyboard in Resources */ = {isa = PBXBuildFile; fileRef = 340E62922891340900107AC1 /* LaunchScreen.storyboard */; };
		340E629F2891340900107AC1 /* MARVELAPPTests.swift in Sources */ = {isa = PBXBuildFile; fileRef = 340E629E2891340900107AC1 /* MARVELAPPTests.swift */; };
		340E62A92891340900107AC1 /* MARVELAPPUITests.swift in Sources */ = {isa = PBXBuildFile; fileRef = 340E62A82891340900107AC1 /* MARVELAPPUITests.swift */; };
		340E62AB2891340900107AC1 /* MARVELAPPUITestsLaunchTests.swift in Sources */ = {isa = PBXBuildFile; fileRef = 340E62AA2891340900107AC1 /* MARVELAPPUITestsLaunchTests.swift */; };
/* End PBXBuildFile section */

/* Begin PBXContainerItemProxy section */
		340E629B2891340900107AC1 /* PBXContainerItemProxy */ = {
			isa = PBXContainerItemProxy;
			containerPortal = 340E62792891340800107AC1 /* Project object */;
			proxyType = 1;
			remoteGlobalIDString = 340E62802891340800107AC1;
			remoteInfo = MARVELAPP;
		};
		340E62A52891340900107AC1 /* PBXContainerItemProxy */ = {
			isa = PBXContainerItemProxy;
			containerPortal = 340E62792891340800107AC1 /* Project object */;
			proxyType = 1;
			remoteGlobalIDString = 340E62802891340800107AC1;
			remoteInfo = MARVELAPP;
		};
/* End PBXContainerItemProxy section */

/* Begin PBXFileReference section */
		340E62812891340800107AC1 /* MARVELAPP.app */ = {isa = PBXFileReference; explicitFileType = wrapper.application; includeInIndex = 0; path = MARVELAPP.app; sourceTree = BUILT_PRODUCTS_DIR; };
		340E62842891340800107AC1 /* AppDelegate.swift */ = {isa = PBXFileReference; lastKnownFileType = sourcecode.swift; path = AppDelegate.swift; sourceTree = "<group>"; };
		340E62862891340800107AC1 /* SceneDelegate.swift */ = {isa = PBXFileReference; lastKnownFileType = sourcecode.swift; path = SceneDelegate.swift; sourceTree = "<group>"; };
		340E62882891340800107AC1 /* ViewController.swift */ = {isa = PBXFileReference; lastKnownFileType = sourcecode.swift; path = ViewController.swift; sourceTree = "<group>"; };
		340E628B2891340800107AC1 /* Base */ = {isa = PBXFileReference; lastKnownFileType = file.storyboard; name = Base; path = Base.lproj/Main.storyboard; sourceTree = "<group>"; };
		340E628E2891340800107AC1 /* MARVELAPP.xcdatamodel */ = {isa = PBXFileReference; lastKnownFileType = wrapper.xcdatamodel; path = MARVELAPP.xcdatamodel; sourceTree = "<group>"; };
		340E62902891340900107AC1 /* Assets.xcassets */ = {isa = PBXFileReference; lastKnownFileType = folder.assetcatalog; path = Assets.xcassets; sourceTree = "<group>"; };
		340E62932891340900107AC1 /* Base */ = {isa = PBXFileReference; lastKnownFileType = file.storyboard; name = Base; path = Base.lproj/LaunchScreen.storyboard; sourceTree = "<group>"; };
		340E62952891340900107AC1 /* Info.plist */ = {isa = PBXFileReference; lastKnownFileType = text.plist.xml; path = Info.plist; sourceTree = "<group>"; };
		340E629A2891340900107AC1 /* MARVELAPPTests.xctest */ = {isa = PBXFileReference; explicitFileType = wrapper.cfbundle; includeInIndex = 0; path = MARVELAPPTests.xctest; sourceTree = BUILT_PRODUCTS_DIR; };
		340E629E2891340900107AC1 /* MARVELAPPTests.swift */ = {isa = PBXFileReference; lastKnownFileType = sourcecode.swift; path = MARVELAPPTests.swift; sourceTree = "<group>"; };
		340E62A42891340900107AC1 /* MARVELAPPUITests.xctest */ = {isa = PBXFileReference; explicitFileType = wrapper.cfbundle; includeInIndex = 0; path = MARVELAPPUITests.xctest; sourceTree = BUILT_PRODUCTS_DIR; };
		340E62A82891340900107AC1 /* MARVELAPPUITests.swift */ = {isa = PBXFileReference; lastKnownFileType = sourcecode.swift; path = MARVELAPPUITests.swift; sourceTree = "<group>"; };
		340E62AA2891340900107AC1 /* MARVELAPPUITestsLaunchTests.swift */ = {isa = PBXFileReference; lastKnownFileType = sourcecode.swift; path = MARVELAPPUITestsLaunchTests.swift; sourceTree = "<group>"; };
/* End PBXFileReference section */

/* Begin PBXFrameworksBuildPhase section */
		340E627E2891340800107AC1 /* Frameworks */ = {
			isa = PBXFrameworksBuildPhase;
			buildActionMask = 2147483647;
			files = (
			);
			runOnlyForDeploymentPostprocessing = 0;
		};
		340E62972891340900107AC1 /* Frameworks */ = {
			isa = PBXFrameworksBuildPhase;
			buildActionMask = 2147483647;
			files = (
			);
			runOnlyForDeploymentPostprocessing = 0;
		};
		340E62A12891340900107AC1 /* Frameworks */ = {
			isa = PBXFrameworksBuildPhase;
			buildActionMask = 2147483647;
			files = (
			);
			runOnlyForDeploymentPostprocessing = 0;
		};
/* End PBXFrameworksBuildPhase section */

/* Begin PBXGroup section */
		340E62782891340800107AC1 = {
			isa = PBXGroup;
			children = (
				340E62832891340800107AC1 /* MARVELAPP */,
				340E629D2891340900107AC1 /* MARVELAPPTests */,
				340E62A72891340900107AC1 /* MARVELAPPUITests */,
				340E62822891340800107AC1 /* Products */,
			);
			sourceTree = "<group>";
		};
		340E62822891340800107AC1 /* Products */ = {
			isa = PBXGroup;
			children = (
				340E62812891340800107AC1 /* MARVELAPP.app */,
				340E629A2891340900107AC1 /* MARVELAPPTests.xctest */,
				340E62A42891340900107AC1 /* MARVELAPPUITests.xctest */,
			);
			name = Products;
			sourceTree = "<group>";
		};
		340E62832891340800107AC1 /* MARVELAPP */ = {
			isa = PBXGroup;
			children = (
				340E62842891340800107AC1 /* AppDelegate.swift */,
				340E62862891340800107AC1 /* SceneDelegate.swift */,
				340E62882891340800107AC1 /* ViewController.swift */,
				340E628A2891340800107AC1 /* Main.storyboard */,
				340E62902891340900107AC1 /* Assets.xcassets */,
				340E62922891340900107AC1 /* LaunchScreen.storyboard */,
				340E62952891340900107AC1 /* Info.plist */,
				340E628D2891340800107AC1 /* MARVELAPP.xcdatamodeld */,
			);
			path = MARVELAPP;
			sourceTree = "<group>";
		};
		340E629D2891340900107AC1 /* MARVELAPPTests */ = {
			isa = PBXGroup;
			children = (
				340E629E2891340900107AC1 /* MARVELAPPTests.swift */,
			);
			path = MARVELAPPTests;
			sourceTree = "<group>";
		};
		340E62A72891340900107AC1 /* MARVELAPPUITests */ = {
			isa = PBXGroup;
			children = (
				340E62A82891340900107AC1 /* MARVELAPPUITests.swift */,
				340E62AA2891340900107AC1 /* MARVELAPPUITestsLaunchTests.swift */,
			);
			path = MARVELAPPUITests;
			sourceTree = "<group>";
		};
/* End PBXGroup section */

/* Begin PBXNativeTarget section */
		340E62802891340800107AC1 /* MARVELAPP */ = {
			isa = PBXNativeTarget;
			buildConfigurationList = 340E62AE2891340900107AC1 /* Build configuration list for PBXNativeTarget "MARVELAPP" */;
			buildPhases = (
				340E627D2891340800107AC1 /* Sources */,
				340E627E2891340800107AC1 /* Frameworks */,
				340E627F2891340800107AC1 /* Resources */,
			);
			buildRules = (
			);
			dependencies = (
			);
			name = MARVELAPP;
			productName = MARVELAPP;
			productReference = 340E62812891340800107AC1 /* MARVELAPP.app */;
			productType = "com.apple.product-type.application";
		};
		340E62992891340900107AC1 /* MARVELAPPTests */ = {
			isa = PBXNativeTarget;
			buildConfigurationList = 340E62B12891340900107AC1 /* Build configuration list for PBXNativeTarget "MARVELAPPTests" */;
			buildPhases = (
				340E62962891340900107AC1 /* Sources */,
				340E62972891340900107AC1 /* Frameworks */,
				340E62982891340900107AC1 /* Resources */,
			);
			buildRules = (
			);
			dependencies = (
				340E629C2891340900107AC1 /* PBXTargetDependency */,
			);
			name = MARVELAPPTests;
			productName = MARVELAPPTests;
			productReference = 340E629A2891340900107AC1 /* MARVELAPPTests.xctest */;
			productType = "com.apple.product-type.bundle.unit-test";
		};
		340E62A32891340900107AC1 /* MARVELAPPUITests */ = {
			isa = PBXNativeTarget;
			buildConfigurationList = 340E62B42891340900107AC1 /* Build configuration list for PBXNativeTarget "MARVELAPPUITests" */;
			buildPhases = (
				340E62A02891340900107AC1 /* Sources */,
				340E62A12891340900107AC1 /* Frameworks */,
				340E62A22891340900107AC1 /* Resources */,
			);
			buildRules = (
			);
			dependencies = (
				340E62A62891340900107AC1 /* PBXTargetDependency */,
			);
			name = MARVELAPPUITests;
			productName = MARVELAPPUITests;
			productReference = 340E62A42891340900107AC1 /* MARVELAPPUITests.xctest */;
			productType = "com.apple.product-type.bundle.ui-testing";
		};
/* End PBXNativeTarget section */

/* Begin PBXProject section */
		340E62792891340800107AC1 /* Project object */ = {
			isa = PBXProject;
			attributes = {
				BuildIndependentTargetsInParallel = 1;
				LastSwiftUpdateCheck = 1310;
				LastUpgradeCheck = 1310;
				TargetAttributes = {
					340E62802891340800107AC1 = {
						CreatedOnToolsVersion = 13.1;
					};
					340E62992891340900107AC1 = {
						CreatedOnToolsVersion = 13.1;
						TestTargetID = 340E62802891340800107AC1;
					};
					340E62A32891340900107AC1 = {
						CreatedOnToolsVersion = 13.1;
						TestTargetID = 340E62802891340800107AC1;
					};
				};
			};
			buildConfigurationList = 340E627C2891340800107AC1 /* Build configuration list for PBXProject "MARVELAPP" */;
			compatibilityVersion = "Xcode 13.0";
			developmentRegion = en;
			hasScannedForEncodings = 0;
			knownRegions = (
				en,
				Base,
			);
			mainGroup = 340E62782891340800107AC1;
			productRefGroup = 340E62822891340800107AC1 /* Products */;
			projectDirPath = "";
			projectRoot = "";
			targets = (
				340E62802891340800107AC1 /* MARVELAPP */,
				340E62992891340900107AC1 /* MARVELAPPTests */,
				340E62A32891340900107AC1 /* MARVELAPPUITests */,
			);
		};
/* End PBXProject section */

/* Begin PBXResourcesBuildPhase section */
		340E627F2891340800107AC1 /* Resources */ = {
			isa = PBXResourcesBuildPhase;
			buildActionMask = 2147483647;
			files = (
				340E62942891340900107AC1 /* LaunchScreen.storyboard in Resources */,
				340E62912891340900107AC1 /* Assets.xcassets in Resources */,
				340E628C2891340800107AC1 /* Main.storyboard in Resources */,
			);
			runOnlyForDeploymentPostprocessing = 0;
		};
		340E62982891340900107AC1 /* Resources */ = {
			isa = PBXResourcesBuildPhase;
			buildActionMask = 2147483647;
			files = (
			);
			runOnlyForDeploymentPostprocessing = 0;
		};
		340E62A22891340900107AC1 /* Resources */ = {
			isa = PBXResourcesBuildPhase;
			buildActionMask = 2147483647;
			files = (
			);
			runOnlyForDeploymentPostprocessing = 0;
		};
/* End PBXResourcesBuildPhase section */

/* Begin PBXSourcesBuildPhase section */
		340E627D2891340800107AC1 /* Sources */ = {
			isa = PBXSourcesBuildPhase;
			buildActionMask = 2147483647;
			files = (
				340E62892891340800107AC1 /* ViewController.swift in Sources */,
				340E62852891340800107AC1 /* AppDelegate.swift in Sources */,
				340E628F2891340800107AC1 /* MARVELAPP.xcdatamodeld in Sources */,
				340E62872891340800107AC1 /* SceneDelegate.swift in Sources */,
			);
			runOnlyForDeploymentPostprocessing = 0;
		};
		340E62962891340900107AC1 /* Sources */ = {
			isa = PBXSourcesBuildPhase;
			buildActionMask = 2147483647;
			files = (
				340E629F2891340900107AC1 /* MARVELAPPTests.swift in Sources */,
			);
			runOnlyForDeploymentPostprocessing = 0;
		};
		340E62A02891340900107AC1 /* Sources */ = {
			isa = PBXSourcesBuildPhase;
			buildActionMask = 2147483647;
			files = (
				340E62A92891340900107AC1 /* MARVELAPPUITests.swift in Sources */,
				340E62AB2891340900107AC1 /* MARVELAPPUITestsLaunchTests.swift in Sources */,
			);
			runOnlyForDeploymentPostprocessing = 0;
		};
/* End PBXSourcesBuildPhase section */

/* Begin PBXTargetDependency section */
		340E629C2891340900107AC1 /* PBXTargetDependency */ = {
			isa = PBXTargetDependency;
			target = 340E62802891340800107AC1 /* MARVELAPP */;
			targetProxy = 340E629B2891340900107AC1 /* PBXContainerItemProxy */;
		};
		340E62A62891340900107AC1 /* PBXTargetDependency */ = {
			isa = PBXTargetDependency;
			target = 340E62802891340800107AC1 /* MARVELAPP */;
			targetProxy = 340E62A52891340900107AC1 /* PBXContainerItemProxy */;
		};
/* End PBXTargetDependency section */

/* Begin PBXVariantGroup section */
		340E628A2891340800107AC1 /* Main.storyboard */ = {
			isa = PBXVariantGroup;
			children = (
				340E628B2891340800107AC1 /* Base */,
			);
			name = Main.storyboard;
			sourceTree = "<group>";
		};
		340E62922891340900107AC1 /* LaunchScreen.storyboard */ = {
			isa = PBXVariantGroup;
			children = (
				340E62932891340900107AC1 /* Base */,
			);
			name = LaunchScreen.storyboard;
			sourceTree = "<group>";
		};
/* End PBXVariantGroup section */

/* Begin XCBuildConfiguration section */
		340E62AC2891340900107AC1 /* Debug */ = {
			isa = XCBuildConfiguration;
			buildSettings = {
				ALWAYS_SEARCH_USER_PATHS = NO;
				CLANG_ANALYZER_NONNULL = YES;
				CLANG_ANALYZER_NUMBER_OBJECT_CONVERSION = YES_AGGRESSIVE;
				CLANG_CXX_LANGUAGE_STANDARD = "gnu++17";
				CLANG_CXX_LIBRARY = "libc++";
				CLANG_ENABLE_MODULES = YES;
				CLANG_ENABLE_OBJC_ARC = YES;
				CLANG_ENABLE_OBJC_WEAK = YES;
				CLANG_WARN_BLOCK_CAPTURE_AUTORELEASING = YES;
				CLANG_WARN_BOOL_CONVERSION = YES;
				CLANG_WARN_COMMA = YES;
				CLANG_WARN_CONSTANT_CONVERSION = YES;
				CLANG_WARN_DEPRECATED_OBJC_IMPLEMENTATIONS = YES;
				CLANG_WARN_DIRECT_OBJC_ISA_USAGE = YES_ERROR;
				CLANG_WARN_DOCUMENTATION_COMMENTS = YES;
				CLANG_WARN_EMPTY_BODY = YES;
				CLANG_WARN_ENUM_CONVERSION = YES;
				CLANG_WARN_INFINITE_RECURSION = YES;
				CLANG_WARN_INT_CONVERSION = YES;
				CLANG_WARN_NON_LITERAL_NULL_CONVERSION = YES;
				CLANG_WARN_OBJC_IMPLICIT_RETAIN_SELF = YES;
				CLANG_WARN_OBJC_LITERAL_CONVERSION = YES;
				CLANG_WARN_OBJC_ROOT_CLASS = YES_ERROR;
				CLANG_WARN_QUOTED_INCLUDE_IN_FRAMEWORK_HEADER = YES;
				CLANG_WARN_RANGE_LOOP_ANALYSIS = YES;
				CLANG_WARN_STRICT_PROTOTYPES = YES;
				CLANG_WARN_SUSPICIOUS_MOVE = YES;
				CLANG_WARN_UNGUARDED_AVAILABILITY = YES_AGGRESSIVE;
				CLANG_WARN_UNREACHABLE_CODE = YES;
				CLANG_WARN__DUPLICATE_METHOD_MATCH = YES;
				COPY_PHASE_STRIP = NO;
				DEBUG_INFORMATION_FORMAT = dwarf;
				ENABLE_STRICT_OBJC_MSGSEND = YES;
				ENABLE_TESTABILITY = YES;
				GCC_C_LANGUAGE_STANDARD = gnu11;
				GCC_DYNAMIC_NO_PIC = NO;
				GCC_NO_COMMON_BLOCKS = YES;
				GCC_OPTIMIZATION_LEVEL = 0;
				GCC_PREPROCESSOR_DEFINITIONS = (
					"DEBUG=1",
					"$(inherited)",
				);
				GCC_WARN_64_TO_32_BIT_CONVERSION = YES;
				GCC_WARN_ABOUT_RETURN_TYPE = YES_ERROR;
				GCC_WARN_UNDECLARED_SELECTOR = YES;
				GCC_WARN_UNINITIALIZED_AUTOS = YES_AGGRESSIVE;
				GCC_WARN_UNUSED_FUNCTION = YES;
				GCC_WARN_UNUSED_VARIABLE = YES;
				IPHONEOS_DEPLOYMENT_TARGET = 15.0;
				MTL_ENABLE_DEBUG_INFO = INCLUDE_SOURCE;
				MTL_FAST_MATH = YES;
				ONLY_ACTIVE_ARCH = YES;
				SDKROOT = iphoneos;
				SWIFT_ACTIVE_COMPILATION_CONDITIONS = DEBUG;
				SWIFT_OPTIMIZATION_LEVEL = "-Onone";
			};
			name = Debug;
		};
		340E62AD2891340900107AC1 /* Release */ = {
			isa = XCBuildConfiguration;
			buildSettings = {
				ALWAYS_SEARCH_USER_PATHS = NO;
				CLANG_ANALYZER_NONNULL = YES;
				CLANG_ANALYZER_NUMBER_OBJECT_CONVERSION = YES_AGGRESSIVE;
				CLANG_CXX_LANGUAGE_STANDARD = "gnu++17";
				CLANG_CXX_LIBRARY = "libc++";
				CLANG_ENABLE_MODULES = YES;
				CLANG_ENABLE_OBJC_ARC = YES;
				CLANG_ENABLE_OBJC_WEAK = YES;
				CLANG_WARN_BLOCK_CAPTURE_AUTORELEASING = YES;
				CLANG_WARN_BOOL_CONVERSION = YES;
				CLANG_WARN_COMMA = YES;
				CLANG_WARN_CONSTANT_CONVERSION = YES;
				CLANG_WARN_DEPRECATED_OBJC_IMPLEMENTATIONS = YES;
				CLANG_WARN_DIRECT_OBJC_ISA_USAGE = YES_ERROR;
				CLANG_WARN_DOCUMENTATION_COMMENTS = YES;
				CLANG_WARN_EMPTY_BODY = YES;
				CLANG_WARN_ENUM_CONVERSION = YES;
				CLANG_WARN_INFINITE_RECURSION = YES;
				CLANG_WARN_INT_CONVERSION = YES;
				CLANG_WARN_NON_LITERAL_NULL_CONVERSION = YES;
				CLANG_WARN_OBJC_IMPLICIT_RETAIN_SELF = YES;
				CLANG_WARN_OBJC_LITERAL_CONVERSION = YES;
				CLANG_WARN_OBJC_ROOT_CLASS = YES_ERROR;
				CLANG_WARN_QUOTED_INCLUDE_IN_FRAMEWORK_HEADER = YES;
				CLANG_WARN_RANGE_LOOP_ANALYSIS = YES;
				CLANG_WARN_STRICT_PROTOTYPES = YES;
				CLANG_WARN_SUSPICIOUS_MOVE = YES;
				CLANG_WARN_UNGUARDED_AVAILABILITY = YES_AGGRESSIVE;
				CLANG_WARN_UNREACHABLE_CODE = YES;
				CLANG_WARN__DUPLICATE_METHOD_MATCH = YES;
				COPY_PHASE_STRIP = NO;
				DEBUG_INFORMATION_FORMAT = "dwarf-with-dsym";
				ENABLE_NS_ASSERTIONS = NO;
				ENABLE_STRICT_OBJC_MSGSEND = YES;
				GCC_C_LANGUAGE_STANDARD = gnu11;
				GCC_NO_COMMON_BLOCKS = YES;
				GCC_WARN_64_TO_32_BIT_CONVERSION = YES;
				GCC_WARN_ABOUT_RETURN_TYPE = YES_ERROR;
				GCC_WARN_UNDECLARED_SELECTOR = YES;
				GCC_WARN_UNINITIALIZED_AUTOS = YES_AGGRESSIVE;
				GCC_WARN_UNUSED_FUNCTION = YES;
				GCC_WARN_UNUSED_VARIABLE = YES;
				IPHONEOS_DEPLOYMENT_TARGET = 15.0;
				MTL_ENABLE_DEBUG_INFO = NO;
				MTL_FAST_MATH = YES;
				SDKROOT = iphoneos;
				SWIFT_COMPILATION_MODE = wholemodule;
				SWIFT_OPTIMIZATION_LEVEL = "-O";
				VALIDATE_PRODUCT = YES;
			};
			name = Release;
		};
		340E62AF2891340900107AC1 /* Debug */ = {
			isa = XCBuildConfiguration;
			buildSettings = {
				ASSETCATALOG_COMPILER_APPICON_NAME = AppIcon;
				ASSETCATALOG_COMPILER_GLOBAL_ACCENT_COLOR_NAME = AccentColor;
				CODE_SIGN_STYLE = Automatic;
				CURRENT_PROJECT_VERSION = 1;
				GENERATE_INFOPLIST_FILE = YES;
				INFOPLIST_FILE = MARVELAPP/Info.plist;
				INFOPLIST_KEY_UIApplicationSupportsIndirectInputEvents = YES;
				INFOPLIST_KEY_UILaunchStoryboardName = LaunchScreen;
				INFOPLIST_KEY_UIMainStoryboardFile = Main;
				INFOPLIST_KEY_UISupportedInterfaceOrientations_iPad = "UIInterfaceOrientationPortrait UIInterfaceOrientationPortraitUpsideDown UIInterfaceOrientationLandscapeLeft UIInterfaceOrientationLandscapeRight";
				INFOPLIST_KEY_UISupportedInterfaceOrientations_iPhone = "UIInterfaceOrientationPortrait UIInterfaceOrientationLandscapeLeft UIInterfaceOrientationLandscapeRight";
				LD_RUNPATH_SEARCH_PATHS = (
					"$(inherited)",
					"@executable_path/Frameworks",
				);
				MARKETING_VERSION = 1.0;
				PRODUCT_BUNDLE_IDENTIFIER = com.goliath.MARVELAPP;
				PRODUCT_NAME = "$(TARGET_NAME)";
				SWIFT_EMIT_LOC_STRINGS = YES;
				SWIFT_VERSION = 5.0;
				TARGETED_DEVICE_FAMILY = "1,2";
			};
			name = Debug;
		};
		340E62B02891340900107AC1 /* Release */ = {
			isa = XCBuildConfiguration;
			buildSettings = {
				ASSETCATALOG_COMPILER_APPICON_NAME = AppIcon;
				ASSETCATALOG_COMPILER_GLOBAL_ACCENT_COLOR_NAME = AccentColor;
				CODE_SIGN_STYLE = Automatic;
				CURRENT_PROJECT_VERSION = 1;
				GENERATE_INFOPLIST_FILE = YES;
				INFOPLIST_FILE = MARVELAPP/Info.plist;
				INFOPLIST_KEY_UIApplicationSupportsIndirectInputEvents = YES;
				INFOPLIST_KEY_UILaunchStoryboardName = LaunchScreen;
				INFOPLIST_KEY_UIMainStoryboardFile = Main;
				INFOPLIST_KEY_UISupportedInterfaceOrientations_iPad = "UIInterfaceOrientationPortrait UIInterfaceOrientationPortraitUpsideDown UIInterfaceOrientationLandscapeLeft UIInterfaceOrientationLandscapeRight";
				INFOPLIST_KEY_UISupportedInterfaceOrientations_iPhone = "UIInterfaceOrientationPortrait UIInterfaceOrientationLandscapeLeft UIInterfaceOrientationLandscapeRight";
				LD_RUNPATH_SEARCH_PATHS = (
					"$(inherited)",
					"@executable_path/Frameworks",
				);
				MARKETING_VERSION = 1.0;
				PRODUCT_BUNDLE_IDENTIFIER = com.goliath.MARVELAPP;
				PRODUCT_NAME = "$(TARGET_NAME)";
				SWIFT_EMIT_LOC_STRINGS = YES;
				SWIFT_VERSION = 5.0;
				TARGETED_DEVICE_FAMILY = "1,2";
			};
			name = Release;
		};
		340E62B22891340900107AC1 /* Debug */ = {
			isa = XCBuildConfiguration;
			buildSettings = {
				ALWAYS_EMBED_SWIFT_STANDARD_LIBRARIES = YES;
				BUNDLE_LOADER = "$(TEST_HOST)";
				CODE_SIGN_STYLE = Automatic;
				CURRENT_PROJECT_VERSION = 1;
				GENERATE_INFOPLIST_FILE = YES;
				IPHONEOS_DEPLOYMENT_TARGET = 15.0;
				LD_RUNPATH_SEARCH_PATHS = (
					"$(inherited)",
					"@executable_path/Frameworks",
					"@loader_path/Frameworks",
				);
				MARKETING_VERSION = 1.0;
				PRODUCT_BUNDLE_IDENTIFIER = com.goliath.MARVELAPPTests;
				PRODUCT_NAME = "$(TARGET_NAME)";
				SWIFT_EMIT_LOC_STRINGS = NO;
				SWIFT_VERSION = 5.0;
				TARGETED_DEVICE_FAMILY = "1,2";
				TEST_HOST = "$(BUILT_PRODUCTS_DIR)/MARVELAPP.app/MARVELAPP";
			};
			name = Debug;
		};
		340E62B32891340900107AC1 /* Release */ = {
			isa = XCBuildConfiguration;
			buildSettings = {
				ALWAYS_EMBED_SWIFT_STANDARD_LIBRARIES = YES;
				BUNDLE_LOADER = "$(TEST_HOST)";
				CODE_SIGN_STYLE = Automatic;
				CURRENT_PROJECT_VERSION = 1;
				GENERATE_INFOPLIST_FILE = YES;
				IPHONEOS_DEPLOYMENT_TARGET = 15.0;
				LD_RUNPATH_SEARCH_PATHS = (
					"$(inherited)",
					"@executable_path/Frameworks",
					"@loader_path/Frameworks",
				);
				MARKETING_VERSION = 1.0;
				PRODUCT_BUNDLE_IDENTIFIER = com.goliath.MARVELAPPTests;
				PRODUCT_NAME = "$(TARGET_NAME)";
				SWIFT_EMIT_LOC_STRINGS = NO;
				SWIFT_VERSION = 5.0;
				TARGETED_DEVICE_FAMILY = "1,2";
				TEST_HOST = "$(BUILT_PRODUCTS_DIR)/MARVELAPP.app/MARVELAPP";
			};
			name = Release;
		};
		340E62B52891340900107AC1 /* Debug */ = {
			isa = XCBuildConfiguration;
			buildSettings = {
				ALWAYS_EMBED_SWIFT_STANDARD_LIBRARIES = YES;
				CODE_SIGN_STYLE = Automatic;
				CURRENT_PROJECT_VERSION = 1;
				GENERATE_INFOPLIST_FILE = YES;
				LD_RUNPATH_SEARCH_PATHS = (
					"$(inherited)",
					"@executable_path/Frameworks",
					"@loader_path/Frameworks",
				);
				MARKETING_VERSION = 1.0;
				PRODUCT_BUNDLE_IDENTIFIER = com.goliath.MARVELAPPUITests;
				PRODUCT_NAME = "$(TARGET_NAME)";
				SWIFT_EMIT_LOC_STRINGS = NO;
				SWIFT_VERSION = 5.0;
				TARGETED_DEVICE_FAMILY = "1,2";
				TEST_TARGET_NAME = MARVELAPP;
			};
			name = Debug;
		};
		340E62B62891340900107AC1 /* Release */ = {
			isa = XCBuildConfiguration;
			buildSettings = {
				ALWAYS_EMBED_SWIFT_STANDARD_LIBRARIES = YES;
				CODE_SIGN_STYLE = Automatic;
				CURRENT_PROJECT_VERSION = 1;
				GENERATE_INFOPLIST_FILE = YES;
				LD_RUNPATH_SEARCH_PATHS = (
					"$(inherited)",
					"@executable_path/Frameworks",
					"@loader_path/Frameworks",
				);
				MARKETING_VERSION = 1.0;
				PRODUCT_BUNDLE_IDENTIFIER = com.goliath.MARVELAPPUITests;
				PRODUCT_NAME = "$(TARGET_NAME)";
				SWIFT_EMIT_LOC_STRINGS = NO;
				SWIFT_VERSION = 5.0;
				TARGETED_DEVICE_FAMILY = "1,2";
				TEST_TARGET_NAME = MARVELAPP;
			};
			name = Release;
		};
/* End XCBuildConfiguration section */

/* Begin XCConfigurationList section */
		340E627C2891340800107AC1 /* Build configuration list for PBXProject "MARVELAPP" */ = {
			isa = XCConfigurationList;
			buildConfigurations = (
				340E62AC2891340900107AC1 /* Debug */,
				340E62AD2891340900107AC1 /* Release */,
			);
			defaultConfigurationIsVisible = 0;
			defaultConfigurationName = Release;
		};
		340E62AE2891340900107AC1 /* Build configuration list for PBXNativeTarget "MARVELAPP" */ = {
			isa = XCConfigurationList;
			buildConfigurations = (
				340E62AF2891340900107AC1 /* Debug */,
				340E62B02891340900107AC1 /* Release */,
			);
			defaultConfigurationIsVisible = 0;
			defaultConfigurationName = Release;
		};
		340E62B12891340900107AC1 /* Build configuration list for PBXNativeTarget "MARVELAPPTests" */ = {
			isa = XCConfigurationList;
			buildConfigurations = (
				340E62B22891340900107AC1 /* Debug */,
				340E62B32891340900107AC1 /* Release */,
			);
			defaultConfigurationIsVisible = 0;
			defaultConfigurationName = Release;
		};
		340E62B42891340900107AC1 /* Build configuration list for PBXNativeTarget "MARVELAPPUITests" */ = {
			isa = XCConfigurationList;
			buildConfigurations = (
				340E62B52891340900107AC1 /* Debug */,
				340E62B62891340900107AC1 /* Release */,
			);
			defaultConfigurationIsVisible = 0;
			defaultConfigurationName = Release;
		};
/* End XCConfigurationList section */

/* Begin XCVersionGroup section */
		340E628D2891340800107AC1 /* MARVELAPP.xcdatamodeld */ = {
			isa = XCVersionGroup;
			children = (
				340E628E2891340800107AC1 /* MARVELAPP.xcdatamodel */,
			);
			currentVersion = 340E628E2891340800107AC1 /* MARVELAPP.xcdatamodel */;
			path = MARVELAPP.xcdatamodeld;
			sourceTree = "<group>";
			versionGroupType = wrapper.xcdatamodel;
		};
/* End XCVersionGroup section */
	};
	rootObject = 340E62792891340800107AC1 /* Project object */;
}
